
Microsoft Visual Studio Solution File, Format Version 11.00
# Visual Studio 2010
Project("{FAE04EC0-301F-11D3-BF4B-00C04F79EFBC}") = "Hurt Em Where It Hurts2", "Assembly-CSharp.csproj", "{78420B81-2AF9-588E-427E-673E7D4FC481}"
EndProject
Global
	GlobalSection(SolutionConfigurationPlatforms) = preSolution
		Debug|Any CPU = Debug|Any CPU
		Release|Any CPU = Release|Any CPU
	EndGlobalSection
	GlobalSection(ProjectConfigurationPlatforms) = postSolution
		{78420B81-2AF9-588E-427E-673E7D4FC481}.Debug|Any CPU.ActiveCfg = Debug|Any CPU
		{78420B81-2AF9-588E-427E-673E7D4FC481}.Debug|Any CPU.Build.0 = Debug|Any CPU
		{78420B81-2AF9-588E-427E-673E7D4FC481}.Release|Any CPU.ActiveCfg = Release|Any CPU
		{78420B81-2AF9-588E-427E-673E7D4FC481}.Release|Any CPU.Build.0 = Release|Any CPU
	EndGlobalSection
	GlobalSection(SolutionProperties) = preSolution
		HideSolutionNode = FALSE
	EndGlobalSection
	GlobalSection(MonoDevelopProperties) = preSolution
		StartupItem = Assembly-CSharp.csproj
	EndGlobalSection
EndGlobal
